Microsoft Visual Studio Solution File, Format Version 12.00
# Visual Studio Version 17
VisualStudioVersion = 17.5.2.0
MinimumVisualStudioVersion = 10.0.40219.1
Project("{FAE04EC0-301F-11D3-BF4B-00C04F79EFBC}") = "myfinance", "myfinance.csproj", "{16A98DF0-E6BF-19A6-B360-6391A4EC8E05}"
EndProject
Global
	GlobalSection(SolutionConfigurationPlatforms) = preSolution
		Debug|Any CPU = Debug|Any CPU
		Release|Any CPU = Release|Any CPU
	EndGlobalSection
	GlobalSection(ProjectConfigurationPlatforms) = postSolution
		{16A98DF0-E6BF-19A6-B360-6391A4EC8E05}.Debug|Any CPU.ActiveCfg = Debug|Any CPU
		{16A98DF0-E6BF-19A6-B360-6391A4EC8E05}.Debug|Any CPU.Build.0 = Debug|Any CPU
		{16A98DF0-E6BF-19A6-B360-6391A4EC8E05}.Release|Any CPU.ActiveCfg = Release|Any CPU
		{16A98DF0-E6BF-19A6-B360-6391A4EC8E05}.Release|Any CPU.Build.0 = Release|Any CPU
	EndGlobalSection
	GlobalSection(SolutionProperties) = preSolution
		HideSolutionNode = FALSE
	EndGlobalSection
	GlobalSection(ExtensibilityGlobals) = postSolution
		SolutionGuid = {B4195E4F-9E99-4FE0-82BC-1011080F614C}
	EndGlobalSection
EndGlobal
